
Microsoft Visual Studio Solution File, Format Version 12.00
# Visual Studio Version 17
VisualStudioVersion = 17.14.36429.23 d17.14
MinimumVisualStudioVersion = 10.0.40219.1
Project("{FAE04EC0-301F-11D3-BF4B-00C04F79EFBC}") = "CustomerOrder.API", "CustomerOrder.API\CustomerOrder.API.csproj", "{5513459B-5ADF-49CC-B49B-480FE4A3BD7C}"
EndProject
Global
	GlobalSection(SolutionConfigurationPlatforms) = preSolution
		Debug|Any CPU = Debug|Any CPU
		Release|Any CPU = Release|Any CPU
	EndGlobalSection
	GlobalSection(ProjectConfigurationPlatforms) = postSolution
		{5513459B-5ADF-49CC-B49B-480FE4A3BD7C}.Debug|Any CPU.ActiveCfg = Debug|Any CPU
		{5513459B-5ADF-49CC-B49B-480FE4A3BD7C}.Debug|Any CPU.Build.0 = Debug|Any CPU
		{5513459B-5ADF-49CC-B49B-480FE4A3BD7C}.Release|Any CPU.ActiveCfg = Release|Any CPU
		{5513459B-5ADF-49CC-B49B-480FE4A3BD7C}.Release|Any CPU.Build.0 = Release|Any CPU
	EndGlobalSection
	GlobalSection(SolutionProperties) = preSolution
		HideSolutionNode = FALSE
	EndGlobalSection
	GlobalSection(ExtensibilityGlobals) = postSolution
		SolutionGuid = {E254B85D-11E5-49E8-BB31-F2C34F3EFF4D}
	EndGlobalSection
EndGlobal
